// !$*UTF8*$!
{
	archiveVersion = 1;
	classes = {
	};
	objectVersion = 56;
	objects = {

/* Begin PBXBuildFile section */
		D99CB03A2A2C3E6D00BC2CBE /* GigaTaskApp.swift in Sources */ = {isa = PBXBuildFile; fileRef = D99CB0392A2C3E6D00BC2CBE /* GigaTaskApp.swift */; };
		D99CB03C2A2C3E6D00BC2CBE /* ContentView.swift in Sources */ = {isa = PBXBuildFile; fileRef = D99CB03B2A2C3E6D00BC2CBE /* ContentView.swift */; };
		D99CB03E2A2C3E6F00BC2CBE /* Assets.xcassets in Resources */ = {isa = PBXBuildFile; fileRef = D99CB03D2A2C3E6F00BC2CBE /* Assets.xcassets */; };
		D99CB0412A2C3E6F00BC2CBE /* Preview Assets.xcassets in Resources */ = {isa = PBXBuildFile; fileRef = D99CB0402A2C3E6F00BC2CBE /* Preview Assets.xcassets */; };
		D99CB0432A2C3E6F00BC2CBE /* Persistence.swift in Sources */ = {isa = PBXBuildFile; fileRef = D99CB0422A2C3E6F00BC2CBE /* Persistence.swift */; };
		D99CB0462A2C3E6F00BC2CBE /* GigaTask.xcdatamodeld in Sources */ = {isa = PBXBuildFile; fileRef = D99CB0442A2C3E6F00BC2CBE /* GigaTask.xcdatamodeld */; };
		D99CB0502A2C3E6F00BC2CBE /* GigaTaskTests.swift in Sources */ = {isa = PBXBuildFile; fileRef = D99CB04F2A2C3E6F00BC2CBE /* GigaTaskTests.swift */; };
		D99CB05A2A2C3E6F00BC2CBE /* GigaTaskUITests.swift in Sources */ = {isa = PBXBuildFile; fileRef = D99CB0592A2C3E6F00BC2CBE /* GigaTaskUITests.swift */; };
		D99CB05C2A2C3E6F00BC2CBE /* GigaTaskUITestsLaunchTests.swift in Sources */ = {isa = PBXBuildFile; fileRef = D99CB05B2A2C3E6F00BC2CBE /* GigaTaskUITestsLaunchTests.swift */; };
		D99CB06D2A2C3FA200BC2CBE /* TaskDetailView.swift in Sources */ = {isa = PBXBuildFile; fileRef = D99CB06C2A2C3FA200BC2CBE /* TaskDetailView.swift */; };
		D99CB06F2A2C456C00BC2CBE /* PieSlice.swift in Sources */ = {isa = PBXBuildFile; fileRef = D99CB06E2A2C456C00BC2CBE /* PieSlice.swift */; };
		D99CB0712A2C45A400BC2CBE /* PieChart.swift in Sources */ = {isa = PBXBuildFile; fileRef = D99CB0702A2C45A400BC2CBE /* PieChart.swift */; };
		D99CB0782A2D8C8000BC2CBE /* AddTaskView.swift in Sources */ = {isa = PBXBuildFile; fileRef = D99CB0772A2D8C8000BC2CBE /* AddTaskView.swift */; };
		D99CB07A2A2E299900BC2CBE /* PieChartView.swift in Sources */ = {isa = PBXBuildFile; fileRef = D99CB0792A2E299900BC2CBE /* PieChartView.swift */; };
/* End PBXBuildFile section */

/* Begin PBXContainerItemProxy section */
		D99CB04C2A2C3E6F00BC2CBE /* PBXContainerItemProxy */ = {
			isa = PBXContainerItemProxy;
			containerPortal = D99CB02E2A2C3E6D00BC2CBE /* Project object */;
			proxyType = 1;
			remoteGlobalIDString = D99CB0352A2C3E6D00BC2CBE;
			remoteInfo = GigaTask;
		};
		D99CB0562A2C3E6F00BC2CBE /* PBXContainerItemProxy */ = {
			isa = PBXContainerItemProxy;
			containerPortal = D99CB02E2A2C3E6D00BC2CBE /* Project object */;
			proxyType = 1;
			remoteGlobalIDString = D99CB0352A2C3E6D00BC2CBE;
			remoteInfo = GigaTask;
		};
/* End PBXContainerItemProxy section */

/* Begin PBXFileReference section */
		D99CB0362A2C3E6D00BC2CBE /* GigaTask.app */ = {isa = PBXFileReference; explicitFileType = wrapper.application; includeInIndex = 0; path = GigaTask.app; sourceTree = BUILT_PRODUCTS_DIR; };
		D99CB0392A2C3E6D00BC2CBE /* GigaTaskApp.swift */ = {isa = PBXFileReference; lastKnownFileType = sourcecode.swift; path = GigaTaskApp.swift; sourceTree = "<group>"; };
		D99CB03B2A2C3E6D00BC2CBE /* ContentView.swift */ = {isa = PBXFileReference; lastKnownFileType = sourcecode.swift; path = ContentView.swift; sourceTree = "<group>"; };
		D99CB03D2A2C3E6F00BC2CBE /* Assets.xcassets */ = {isa = PBXFileReference; lastKnownFileType = folder.assetcatalog; path = Assets.xcassets; sourceTree = "<group>"; };
		D99CB0402A2C3E6F00BC2CBE /* Preview Assets.xcassets */ = {isa = PBXFileReference; lastKnownFileType = folder.assetcatalog; path = "Preview Assets.xcassets"; sourceTree = "<group>"; };
		D99CB0422A2C3E6F00BC2CBE /* Persistence.swift */ = {isa = PBXFileReference; lastKnownFileType = sourcecode.swift; path = Persistence.swift; sourceTree = "<group>"; };
		D99CB0452A2C3E6F00BC2CBE /* GigaTask.xcdatamodel */ = {isa = PBXFileReference; lastKnownFileType = wrapper.xcdatamodel; path = GigaTask.xcdatamodel; sourceTree = "<group>"; };
		D99CB04B2A2C3E6F00BC2CBE /* GigaTaskTests.xctest */ = {isa = PBXFileReference; explicitFileType = wrapper.cfbundle; includeInIndex = 0; path = GigaTaskTests.xctest; sourceTree = BUILT_PRODUCTS_DIR; };
		D99CB04F2A2C3E6F00BC2CBE /* GigaTaskTests.swift */ = {isa = PBXFileReference; lastKnownFileType = sourcecode.swift; path = GigaTaskTests.swift; sourceTree = "<group>"; };
		D99CB0552A2C3E6F00BC2CBE /* GigaTaskUITests.xctest */ = {isa = PBXFileReference; explicitFileType = wrapper.cfbundle; includeInIndex = 0; path = GigaTaskUITests.xctest; sourceTree = BUILT_PRODUCTS_DIR; };
		D99CB0592A2C3E6F00BC2CBE /* GigaTaskUITests.swift */ = {isa = PBXFileReference; lastKnownFileType = sourcecode.swift; path = GigaTaskUITests.swift; sourceTree = "<group>"; };
		D99CB05B2A2C3E6F00BC2CBE /* GigaTaskUITestsLaunchTests.swift */ = {isa = PBXFileReference; lastKnownFileType = sourcecode.swift; path = GigaTaskUITestsLaunchTests.swift; sourceTree = "<group>"; };
		D99CB06C2A2C3FA200BC2CBE /* TaskDetailView.swift */ = {isa = PBXFileReference; lastKnownFileType = sourcecode.swift; path = TaskDetailView.swift; sourceTree = "<group>"; };
		D99CB06E2A2C456C00BC2CBE /* PieSlice.swift */ = {isa = PBXFileReference; lastKnownFileType = sourcecode.swift; path = PieSlice.swift; sourceTree = "<group>"; };
		D99CB0702A2C45A400BC2CBE /* PieChart.swift */ = {isa = PBXFileReference; lastKnownFileType = sourcecode.swift; path = PieChart.swift; sourceTree = "<group>"; };
		D99CB0772A2D8C8000BC2CBE /* AddTaskView.swift */ = {isa = PBXFileReference; lastKnownFileType = sourcecode.swift; path = AddTaskView.swift; sourceTree = "<group>"; };
		D99CB0792A2E299900BC2CBE /* PieChartView.swift */ = {isa = PBXFileReference; lastKnownFileType = sourcecode.swift; path = PieChartView.swift; sourceTree = "<group>"; };
/* End PBXFileReference section */

/* Begin PBXFrameworksBuildPhase section */
		D99CB0332A2C3E6D00BC2CBE /* Frameworks */ = {
			isa = PBXFrameworksBuildPhase;
			buildActionMask = 2147483647;
			files = (
			);
			runOnlyForDeploymentPostprocessing = 0;
		};
		D99CB0482A2C3E6F00BC2CBE /* Frameworks */ = {
			isa = PBXFrameworksBuildPhase;
			buildActionMask = 2147483647;
			files = (
			);
			runOnlyForDeploymentPostprocessing = 0;
		};
		D99CB0522A2C3E6F00BC2CBE /* Frameworks */ = {
			isa = PBXFrameworksBuildPhase;
			buildActionMask = 2147483647;
			files = (
			);
			runOnlyForDeploymentPostprocessing = 0;
		};
/* End PBXFrameworksBuildPhase section */

/* Begin PBXGroup section */
		D99CB02D2A2C3E6D00BC2CBE = {
			isa = PBXGroup;
			children = (
				D99CB0382A2C3E6D00BC2CBE /* GigaTask */,
				D99CB04E2A2C3E6F00BC2CBE /* GigaTaskTests */,
				D99CB0582A2C3E6F00BC2CBE /* GigaTaskUITests */,
				D99CB0372A2C3E6D00BC2CBE /* Products */,
			);
			sourceTree = "<group>";
		};
		D99CB0372A2C3E6D00BC2CBE /* Products */ = {
			isa = PBXGroup;
			children = (
				D99CB0362A2C3E6D00BC2CBE /* GigaTask.app */,
				D99CB04B2A2C3E6F00BC2CBE /* GigaTaskTests.xctest */,
				D99CB0552A2C3E6F00BC2CBE /* GigaTaskUITests.xctest */,
			);
			name = Products;
			sourceTree = "<group>";
		};
		D99CB0382A2C3E6D00BC2CBE /* GigaTask */ = {
			isa = PBXGroup;
			children = (
				D99CB0392A2C3E6D00BC2CBE /* GigaTaskApp.swift */,
				D99CB03B2A2C3E6D00BC2CBE /* ContentView.swift */,
				D99CB06C2A2C3FA200BC2CBE /* TaskDetailView.swift */,
				D99CB06E2A2C456C00BC2CBE /* PieSlice.swift */,
				D99CB0702A2C45A400BC2CBE /* PieChart.swift */,
				D99CB0772A2D8C8000BC2CBE /* AddTaskView.swift */,
				D99CB03D2A2C3E6F00BC2CBE /* Assets.xcassets */,
				D99CB0422A2C3E6F00BC2CBE /* Persistence.swift */,
				D99CB0442A2C3E6F00BC2CBE /* GigaTask.xcdatamodeld */,
				D99CB03F2A2C3E6F00BC2CBE /* Preview Content */,
				D99CB0792A2E299900BC2CBE /* PieChartView.swift */,
			);
			path = GigaTask;
			sourceTree = "<group>";
		};
		D99CB03F2A2C3E6F00BC2CBE /* Preview Content */ = {
			isa = PBXGroup;
			children = (
				D99CB0402A2C3E6F00BC2CBE /* Preview Assets.xcassets */,
			);
			path = "Preview Content";
			sourceTree = "<group>";
		};
		D99CB04E2A2C3E6F00BC2CBE /* GigaTaskTests */ = {
			isa = PBXGroup;
			children = (
				D99CB04F2A2C3E6F00BC2CBE /* GigaTaskTests.swift */,
			);
			path = GigaTaskTests;
			sourceTree = "<group>";
		};
		D99CB0582A2C3E6F00BC2CBE /* GigaTaskUITests */ = {
			isa = PBXGroup;
			children = (
				D99CB0592A2C3E6F00BC2CBE /* GigaTaskUITests.swift */,
				D99CB05B2A2C3E6F00BC2CBE /* GigaTaskUITestsLaunchTests.swift */,
			);
			path = GigaTaskUITests;
			sourceTree = "<group>";
		};
/* End PBXGroup section */

/* Begin PBXNativeTarget section */
		D99CB0352A2C3E6D00BC2CBE /* GigaTask */ = {
			isa = PBXNativeTarget;
			buildConfigurationList = D99CB05F2A2C3E6F00BC2CBE /* Build configuration list for PBXNativeTarget "GigaTask" */;
			buildPhases = (
				D99CB0322A2C3E6D00BC2CBE /* Sources */,
				D99CB0332A2C3E6D00BC2CBE /* Frameworks */,
				D99CB0342A2C3E6D00BC2CBE /* Resources */,
			);
			buildRules = (
			);
			dependencies = (
			);
			name = GigaTask;
			productName = GigaTask;
			productReference = D99CB0362A2C3E6D00BC2CBE /* GigaTask.app */;
			productType = "com.apple.product-type.application";
		};
		D99CB04A2A2C3E6F00BC2CBE /* GigaTaskTests */ = {
			isa = PBXNativeTarget;
			buildConfigurationList = D99CB0622A2C3E6F00BC2CBE /* Build configuration list for PBXNativeTarget "GigaTaskTests" */;
			buildPhases = (
				D99CB0472A2C3E6F00BC2CBE /* Sources */,
				D99CB0482A2C3E6F00BC2CBE /* Frameworks */,
				D99CB0492A2C3E6F00BC2CBE /* Resources */,
			);
			buildRules = (
			);
			dependencies = (
				D99CB04D2A2C3E6F00BC2CBE /* PBXTargetDependency */,
			);
			name = GigaTaskTests;
			productName = GigaTaskTests;
			productReference = D99CB04B2A2C3E6F00BC2CBE /* GigaTaskTests.xctest */;
			productType = "com.apple.product-type.bundle.unit-test";
		};
		D99CB0542A2C3E6F00BC2CBE /* GigaTaskUITests */ = {
			isa = PBXNativeTarget;
			buildConfigurationList = D99CB0652A2C3E6F00BC2CBE /* Build configuration list for PBXNativeTarget "GigaTaskUITests" */;
			buildPhases = (
				D99CB0512A2C3E6F00BC2CBE /* Sources */,
				D99CB0522A2C3E6F00BC2CBE /* Frameworks */,
				D99CB0532A2C3E6F00BC2CBE /* Resources */,
			);
			buildRules = (
			);
			dependencies = (
				D99CB0572A2C3E6F00BC2CBE /* PBXTargetDependency */,
			);
			name = GigaTaskUITests;
			productName = GigaTaskUITests;
			productReference = D99CB0552A2C3E6F00BC2CBE /* GigaTaskUITests.xctest */;
			productType = "com.apple.product-type.bundle.ui-testing";
		};
/* End PBXNativeTarget section */

/* Begin PBXProject section */
		D99CB02E2A2C3E6D00BC2CBE /* Project object */ = {
			isa = PBXProject;
			attributes = {
				BuildIndependentTargetsInParallel = 1;
				LastSwiftUpdateCheck = 1430;
				LastUpgradeCheck = 1430;
				TargetAttributes = {
					D99CB0352A2C3E6D00BC2CBE = {
						CreatedOnToolsVersion = 14.3.1;
					};
					D99CB04A2A2C3E6F00BC2CBE = {
						CreatedOnToolsVersion = 14.3.1;
						TestTargetID = D99CB0352A2C3E6D00BC2CBE;
					};
					D99CB0542A2C3E6F00BC2CBE = {
						CreatedOnToolsVersion = 14.3.1;
						TestTargetID = D99CB0352A2C3E6D00BC2CBE;
					};
				};
			};
			buildConfigurationList = D99CB0312A2C3E6D00BC2CBE /* Build configuration list for PBXProject "GigaTask" */;
			compatibilityVersion = "Xcode 14.0";
			developmentRegion = en;
			hasScannedForEncodings = 0;
			knownRegions = (
				en,
				Base,
			);
			mainGroup = D99CB02D2A2C3E6D00BC2CBE;
			productRefGroup = D99CB0372A2C3E6D00BC2CBE /* Products */;
			projectDirPath = "";
			projectRoot = "";
			targets = (
				D99CB0352A2C3E6D00BC2CBE /* GigaTask */,
				D99CB04A2A2C3E6F00BC2CBE /* GigaTaskTests */,
				D99CB0542A2C3E6F00BC2CBE /* GigaTaskUITests */,
			);
		};
/* End PBXProject section */

/* Begin PBXResourcesBuildPhase section */
		D99CB0342A2C3E6D00BC2CBE /* Resources */ = {
			isa = PBXResourcesBuildPhase;
			buildActionMask = 2147483647;
			files = (
				D99CB0412A2C3E6F00BC2CBE /* Preview Assets.xcassets in Resources */,
				D99CB03E2A2C3E6F00BC2CBE /* Assets.xcassets in Resources */,
			);
			runOnlyForDeploymentPostprocessing = 0;
		};
		D99CB0492A2C3E6F00BC2CBE /* Resources */ = {
			isa = PBXResourcesBuildPhase;
			buildActionMask = 2147483647;
			files = (
			);
			runOnlyForDeploymentPostprocessing = 0;
		};
		D99CB0532A2C3E6F00BC2CBE /* Resources */ = {
			isa = PBXResourcesBuildPhase;
			buildActionMask = 2147483647;
			files = (
			);
			runOnlyForDeploymentPostprocessing = 0;
		};
/* End PBXResourcesBuildPhase section */

/* Begin PBXSourcesBuildPhase section */
		D99CB0322A2C3E6D00BC2CBE /* Sources */ = {
			isa = PBXSourcesBuildPhase;
			buildActionMask = 2147483647;
			files = (
				D99CB07A2A2E299900BC2CBE /* PieChartView.swift in Sources */,
				D99CB0462A2C3E6F00BC2CBE /* GigaTask.xcdatamodeld in Sources */,
				D99CB0712A2C45A400BC2CBE /* PieChart.swift in Sources */,
				D99CB0432A2C3E6F00BC2CBE /* Persistence.swift in Sources */,
				D99CB0782A2D8C8000BC2CBE /* AddTaskView.swift in Sources */,
				D99CB06F2A2C456C00BC2CBE /* PieSlice.swift in Sources */,
				D99CB03C2A2C3E6D00BC2CBE /* ContentView.swift in Sources */,
				D99CB03A2A2C3E6D00BC2CBE /* GigaTaskApp.swift in Sources */,
				D99CB06D2A2C3FA200BC2CBE /* TaskDetailView.swift in Sources */,
			);
			runOnlyForDeploymentPostprocessing = 0;
		};
		D99CB0472A2C3E6F00BC2CBE /* Sources */ = {
			isa = PBXSourcesBuildPhase;
			buildActionMask = 2147483647;
			files = (
				D99CB0502A2C3E6F00BC2CBE /* GigaTaskTests.swift in Sources */,
			);
			runOnlyForDeploymentPostprocessing = 0;
		};
		D99CB0512A2C3E6F00BC2CBE /* Sources */ = {
			isa = PBXSourcesBuildPhase;
			buildActionMask = 2147483647;
			files = (
				D99CB05C2A2C3E6F00BC2CBE /* GigaTaskUITestsLaunchTests.swift in Sources */,
				D99CB05A2A2C3E6F00BC2CBE /* GigaTaskUITests.swift in Sources */,
			);
			runOnlyForDeploymentPostprocessing = 0;
		};
/* End PBXSourcesBuildPhase section */

/* Begin PBXTargetDependency section */
		D99CB04D2A2C3E6F00BC2CBE /* PBXTargetDependency */ = {
			isa = PBXTargetDependency;
			target = D99CB0352A2C3E6D00BC2CBE /* GigaTask */;
			targetProxy = D99CB04C2A2C3E6F00BC2CBE /* PBXContainerItemProxy */;
		};
		D99CB0572A2C3E6F00BC2CBE /* PBXTargetDependency */ = {
			isa = PBXTargetDependency;
			target = D99CB0352A2C3E6D00BC2CBE /* GigaTask */;
			targetProxy = D99CB0562A2C3E6F00BC2CBE /* PBXContainerItemProxy */;
		};
/* End PBXTargetDependency section */

/* Begin XCBuildConfiguration section */
		D99CB05D2A2C3E6F00BC2CBE /* Debug */ = {
			isa = XCBuildConfiguration;
			buildSettings = {
				ALWAYS_SEARCH_USER_PATHS = NO;
				CLANG_ANALYZER_NONNULL = YES;
				CLANG_ANALYZER_NUMBER_OBJECT_CONVERSION = YES_AGGRESSIVE;
				CLANG_CXX_LANGUAGE_STANDARD = "gnu++20";
				CLANG_ENABLE_MODULES = YES;
				CLANG_ENABLE_OBJC_ARC = YES;
				CLANG_ENABLE_OBJC_WEAK = YES;
				CLANG_WARN_BLOCK_CAPTURE_AUTORELEASING = YES;
				CLANG_WARN_BOOL_CONVERSION = YES;
				CLANG_WARN_COMMA = YES;
				CLANG_WARN_CONSTANT_CONVERSION = YES;
				CLANG_WARN_DEPRECATED_OBJC_IMPLEMENTATIONS = YES;
				CLANG_WARN_DIRECT_OBJC_ISA_USAGE = YES_ERROR;
				CLANG_WARN_DOCUMENTATION_COMMENTS = YES;
				CLANG_WARN_EMPTY_BODY = YES;
				CLANG_WARN_ENUM_CONVERSION = YES;
				CLANG_WARN_INFINITE_RECURSION = YES;
				CLANG_WARN_INT_CONVERSION = YES;
				CLANG_WARN_NON_LITERAL_NULL_CONVERSION = YES;
				CLANG_WARN_OBJC_IMPLICIT_RETAIN_SELF = YES;
				CLANG_WARN_OBJC_LITERAL_CONVERSION = YES;
				CLANG_WARN_OBJC_ROOT_CLASS = YES_ERROR;
				CLANG_WARN_QUOTED_INCLUDE_IN_FRAMEWORK_HEADER = YES;
				CLANG_WARN_RANGE_LOOP_ANALYSIS = YES;
				CLANG_WARN_STRICT_PROTOTYPES = YES;
				CLANG_WARN_SUSPICIOUS_MOVE = YES;
				CLANG_WARN_UNGUARDED_AVAILABILITY = YES_AGGRESSIVE;
				CLANG_WARN_UNREACHABLE_CODE = YES;
				CLANG_WARN__DUPLICATE_METHOD_MATCH = YES;
				COPY_PHASE_STRIP = NO;
				DEBUG_INFORMATION_FORMAT = dwarf;
				ENABLE_STRICT_OBJC_MSGSEND = YES;
				ENABLE_TESTABILITY = YES;
				GCC_C_LANGUAGE_STANDARD = gnu11;
				GCC_DYNAMIC_NO_PIC = NO;
				GCC_NO_COMMON_BLOCKS = YES;
				GCC_OPTIMIZATION_LEVEL = 0;
				GCC_PREPROCESSOR_DEFINITIONS = (
					"DEBUG=1",
					"$(inherited)",
				);
				GCC_WARN_64_TO_32_BIT_CONVERSION = YES;
				GCC_WARN_ABOUT_RETURN_TYPE = YES_ERROR;
				GCC_WARN_UNDECLARED_SELECTOR = YES;
				GCC_WARN_UNINITIALIZED_AUTOS = YES_AGGRESSIVE;
				GCC_WARN_UNUSED_FUNCTION = YES;
				GCC_WARN_UNUSED_VARIABLE = YES;
				IPHONEOS_DEPLOYMENT_TARGET = 16.4;
				MTL_ENABLE_DEBUG_INFO = INCLUDE_SOURCE;
				MTL_FAST_MATH = YES;
				ONLY_ACTIVE_ARCH = YES;
				SDKROOT = iphoneos;
				SWIFT_ACTIVE_COMPILATION_CONDITIONS = DEBUG;
				SWIFT_OPTIMIZATION_LEVEL = "-Onone";
			};
			name = Debug;
		};
		D99CB05E2A2C3E6F00BC2CBE /* Release */ = {
			isa = XCBuildConfiguration;
			buildSettings = {
				ALWAYS_SEARCH_USER_PATHS = NO;
				CLANG_ANALYZER_NONNULL = YES;
				CLANG_ANALYZER_NUMBER_OBJECT_CONVERSION = YES_AGGRESSIVE;
				CLANG_CXX_LANGUAGE_STANDARD = "gnu++20";
				CLANG_ENABLE_MODULES = YES;
				CLANG_ENABLE_OBJC_ARC = YES;
				CLANG_ENABLE_OBJC_WEAK = YES;
				CLANG_WARN_BLOCK_CAPTURE_AUTORELEASING = YES;
				CLANG_WARN_BOOL_CONVERSION = YES;
				CLANG_WARN_COMMA = YES;
				CLANG_WARN_CONSTANT_CONVERSION = YES;
				CLANG_WARN_DEPRECATED_OBJC_IMPLEMENTATIONS = YES;
				CLANG_WARN_DIRECT_OBJC_ISA_USAGE = YES_ERROR;
				CLANG_WARN_DOCUMENTATION_COMMENTS = YES;
				CLANG_WARN_EMPTY_BODY = YES;
				CLANG_WARN_ENUM_CONVERSION = YES;
				CLANG_WARN_INFINITE_RECURSION = YES;
				CLANG_WARN_INT_CONVERSION = YES;
				CLANG_WARN_NON_LITERAL_NULL_CONVERSION = YES;
				CLANG_WARN_OBJC_IMPLICIT_RETAIN_SELF = YES;
				CLANG_WARN_OBJC_LITERAL_CONVERSION = YES;
				CLANG_WARN_OBJC_ROOT_CLASS = YES_ERROR;
				CLANG_WARN_QUOTED_INCLUDE_IN_FRAMEWORK_HEADER = YES;
				CLANG_WARN_RANGE_LOOP_ANALYSIS = YES;
				CLANG_WARN_STRICT_PROTOTYPES = YES;
				CLANG_WARN_SUSPICIOUS_MOVE = YES;
				CLANG_WARN_UNGUARDED_AVAILABILITY = YES_AGGRESSIVE;
				CLANG_WARN_UNREACHABLE_CODE = YES;
				CLANG_WARN__DUPLICATE_METHOD_MATCH = YES;
				COPY_PHASE_STRIP = NO;
				DEBUG_INFORMATION_FORMAT = "dwarf-with-dsym";
				ENABLE_NS_ASSERTIONS = NO;
				ENABLE_STRICT_OBJC_MSGSEND = YES;
				GCC_C_LANGUAGE_STANDARD = gnu11;
				GCC_NO_COMMON_BLOCKS = YES;
				GCC_WARN_64_TO_32_BIT_CONVERSION = YES;
				GCC_WARN_ABOUT_RETURN_TYPE = YES_ERROR;
				GCC_WARN_UNDECLARED_SELECTOR = YES;
				GCC_WARN_UNINITIALIZED_AUTOS = YES_AGGRESSIVE;
				GCC_WARN_UNUSED_FUNCTION = YES;
				GCC_WARN_UNUSED_VARIABLE = YES;
				IPHONEOS_DEPLOYMENT_TARGET = 16.4;
				MTL_ENABLE_DEBUG_INFO = NO;
				MTL_FAST_MATH = YES;
				SDKROOT = iphoneos;
				SWIFT_COMPILATION_MODE = wholemodule;
				SWIFT_OPTIMIZATION_LEVEL = "-O";
				VALIDATE_PRODUCT = YES;
			};
			name = Release;
		};
		D99CB0602A2C3E6F00BC2CBE /* Debug */ = {
			isa = XCBuildConfiguration;
			buildSettings = {
				ASSETCATALOG_COMPILER_APPICON_NAME = AppIcon;
				ASSETCATALOG_COMPILER_GLOBAL_ACCENT_COLOR_NAME = AccentColor;
				CODE_SIGN_STYLE = Automatic;
				CURRENT_PROJECT_VERSION = 1;
				DEVELOPMENT_ASSET_PATHS = "\"GigaTask/Preview Content\"";
				DEVELOPMENT_TEAM = 59KZ73Y5NN;
				ENABLE_PREVIEWS = YES;
				GENERATE_INFOPLIST_FILE = YES;
				INFOPLIST_KEY_UIApplicationSceneManifest_Generation = YES;
				INFOPLIST_KEY_UIApplicationSupportsIndirectInputEvents = YES;
				INFOPLIST_KEY_UILaunchScreen_Generation = YES;
				INFOPLIST_KEY_UISupportedInterfaceOrientations_iPad = "UIInterfaceOrientationPortrait UIInterfaceOrientationPortraitUpsideDown UIInterfaceOrientationLandscapeLeft UIInterfaceOrientationLandscapeRight";
				INFOPLIST_KEY_UISupportedInterfaceOrientations_iPhone = "UIInterfaceOrientationPortrait UIInterfaceOrientationLandscapeLeft UIInterfaceOrientationLandscapeRight";
				LD_RUNPATH_SEARCH_PATHS = (
					"$(inherited)",
					"@executable_path/Frameworks",
				);
				MARKETING_VERSION = 1.0;
				PRODUCT_BUNDLE_IDENTIFIER = com.songlingjiang.GigaTask;
				PRODUCT_NAME = "$(TARGET_NAME)";
				SWIFT_EMIT_LOC_STRINGS = YES;
				SWIFT_VERSION = 5.0;
				TARGETED_DEVICE_FAMILY = "1,2";
			};
			name = Debug;
		};
		D99CB0612A2C3E6F00BC2CBE /* Release */ = {
			isa = XCBuildConfiguration;
			buildSettings = {
				ASSETCATALOG_COMPILER_APPICON_NAME = AppIcon;
				ASSETCATALOG_COMPILER_GLOBAL_ACCENT_COLOR_NAME = AccentColor;
				CODE_SIGN_STYLE = Automatic;
				CURRENT_PROJECT_VERSION = 1;
				DEVELOPMENT_ASSET_PATHS = "\"GigaTask/Preview Content\"";
				DEVELOPMENT_TEAM = 59KZ73Y5NN;
				ENABLE_PREVIEWS = YES;
				GENERATE_INFOPLIST_FILE = YES;
				INFOPLIST_KEY_UIApplicationSceneManifest_Generation = YES;
				INFOPLIST_KEY_UIApplicationSupportsIndirectInputEvents = YES;
				INFOPLIST_KEY_UILaunchScreen_Generation = YES;
				INFOPLIST_KEY_UISupportedInterfaceOrientations_iPad = "UIInterfaceOrientationPortrait UIInterfaceOrientationPortraitUpsideDown UIInterfaceOrientationLandscapeLeft UIInterfaceOrientationLandscapeRight";
				INFOPLIST_KEY_UISupportedInterfaceOrientations_iPhone = "UIInterfaceOrientationPortrait UIInterfaceOrientationLandscapeLeft UIInterfaceOrientationLandscapeRight";
				LD_RUNPATH_SEARCH_PATHS = (
					"$(inherited)",
					"@executable_path/Frameworks",
				);
				MARKETING_VERSION = 1.0;
				PRODUCT_BUNDLE_IDENTIFIER = com.songlingjiang.GigaTask;
				PRODUCT_NAME = "$(TARGET_NAME)";
				SWIFT_EMIT_LOC_STRINGS = YES;
				SWIFT_VERSION = 5.0;
				TARGETED_DEVICE_FAMILY = "1,2";
			};
			name = Release;
		};
		D99CB0632A2C3E6F00BC2CBE /* Debug */ = {
			isa = XCBuildConfiguration;
			buildSettings = {
				ALWAYS_EMBED_SWIFT_STANDARD_LIBRARIES = YES;
				BUNDLE_LOADER = "$(TEST_HOST)";
				CODE_SIGN_STYLE = Automatic;
				CURRENT_PROJECT_VERSION = 1;
				DEVELOPMENT_TEAM = 59KZ73Y5NN;
				GENERATE_INFOPLIST_FILE = YES;
				IPHONEOS_DEPLOYMENT_TARGET = 16.4;
				MARKETING_VERSION = 1.0;
				PRODUCT_BUNDLE_IDENTIFIER = com.songlingjiang.GigaTaskTests;
				PRODUCT_NAME = "$(TARGET_NAME)";
				SWIFT_EMIT_LOC_STRINGS = NO;
				SWIFT_VERSION = 5.0;
				TARGETED_DEVICE_FAMILY = "1,2";
				TEST_HOST = "$(BUILT_PRODUCTS_DIR)/GigaTask.app/$(BUNDLE_EXECUTABLE_FOLDER_PATH)/GigaTask";
			};
			name = Debug;
		};
		D99CB0642A2C3E6F00BC2CBE /* Release */ = {
			isa = XCBuildConfiguration;
			buildSettings = {
				ALWAYS_EMBED_SWIFT_STANDARD_LIBRARIES = YES;
				BUNDLE_LOADER = "$(TEST_HOST)";
				CODE_SIGN_STYLE = Automatic;
				CURRENT_PROJECT_VERSION = 1;
				DEVELOPMENT_TEAM = 59KZ73Y5NN;
				GENERATE_INFOPLIST_FILE = YES;
				IPHONEOS_DEPLOYMENT_TARGET = 16.4;
				MARKETING_VERSION = 1.0;
				PRODUCT_BUNDLE_IDENTIFIER = com.songlingjiang.GigaTaskTests;
				PRODUCT_NAME = "$(TARGET_NAME)";
				SWIFT_EMIT_LOC_STRINGS = NO;
				SWIFT_VERSION = 5.0;
				TARGETED_DEVICE_FAMILY = "1,2";
				TEST_HOST = "$(BUILT_PRODUCTS_DIR)/GigaTask.app/$(BUNDLE_EXECUTABLE_FOLDER_PATH)/GigaTask";
			};
			name = Release;
		};
		D99CB0662A2C3E6F00BC2CBE /* Debug */ = {
			isa = XCBuildConfiguration;
			buildSettings = {
				ALWAYS_EMBED_SWIFT_STANDARD_LIBRARIES = YES;
				CODE_SIGN_STYLE = Automatic;
				CURRENT_PROJECT_VERSION = 1;
				DEVELOPMENT_TEAM = 59KZ73Y5NN;
				GENERATE_INFOPLIST_FILE = YES;
				MARKETING_VERSION = 1.0;
				PRODUCT_BUNDLE_IDENTIFIER = com.songlingjiang.GigaTaskUITests;
				PRODUCT_NAME = "$(TARGET_NAME)";
				SWIFT_EMIT_LOC_STRINGS = NO;
				SWIFT_VERSION = 5.0;
				TARGETED_DEVICE_FAMILY = "1,2";
				TEST_TARGET_NAME = GigaTask;
			};
			name = Debug;
		};
		D99CB0672A2C3E6F00BC2CBE /* Release */ = {
			isa = XCBuildConfiguration;
			buildSettings = {
				ALWAYS_EMBED_SWIFT_STANDARD_LIBRARIES = YES;
				CODE_SIGN_STYLE = Automatic;
				CURRENT_PROJECT_VERSION = 1;
				DEVELOPMENT_TEAM = 59KZ73Y5NN;
				GENERATE_INFOPLIST_FILE = YES;
				MARKETING_VERSION = 1.0;
				PRODUCT_BUNDLE_IDENTIFIER = com.songlingjiang.GigaTaskUITests;
				PRODUCT_NAME = "$(TARGET_NAME)";
				SWIFT_EMIT_LOC_STRINGS = NO;
				SWIFT_VERSION = 5.0;
				TARGETED_DEVICE_FAMILY = "1,2";
				TEST_TARGET_NAME = GigaTask;
			};
			name = Release;
		};
/* End XCBuildConfiguration section */

/* Begin XCConfigurationList section */
		D99CB0312A2C3E6D00BC2CBE /* Build configuration list for PBXProject "GigaTask" */ = {
			isa = XCConfigurationList;
			buildConfigurations = (
				D99CB05D2A2C3E6F00BC2CBE /* Debug */,
				D99CB05E2A2C3E6F00BC2CBE /* Release */,
			);
			defaultConfigurationIsVisible = 0;
			defaultConfigurationName = Release;
		};
		D99CB05F2A2C3E6F00BC2CBE /* Build configuration list for PBXNativeTarget "GigaTask" */ = {
			isa = XCConfigurationList;
			buildConfigurations = (
				D99CB0602A2C3E6F00BC2CBE /* Debug */,
				D99CB0612A2C3E6F00BC2CBE /* Release */,
			);
			defaultConfigurationIsVisible = 0;
			defaultConfigurationName = Release;
		};
		D99CB0622A2C3E6F00BC2CBE /* Build configuration list for PBXNativeTarget "GigaTaskTests" */ = {
			isa = XCConfigurationList;
			buildConfigurations = (
				D99CB0632A2C3E6F00BC2CBE /* Debug */,
				D99CB0642A2C3E6F00BC2CBE /* Release */,
			);
			defaultConfigurationIsVisible = 0;
			defaultConfigurationName = Release;
		};
		D99CB0652A2C3E6F00BC2CBE /* Build configuration list for PBXNativeTarget "GigaTaskUITests" */ = {
			isa = XCConfigurationList;
			buildConfigurations = (
				D99CB0662A2C3E6F00BC2CBE /* Debug */,
				D99CB0672A2C3E6F00BC2CBE /* Release */,
			);
			defaultConfigurationIsVisible = 0;
			defaultConfigurationName = Release;
		};
/* End XCConfigurationList section */

/* Begin XCVersionGroup section */
		D99CB0442A2C3E6F00BC2CBE /* GigaTask.xcdatamodeld */ = {
			isa = XCVersionGroup;
			children = (
				D99CB0452A2C3E6F00BC2CBE /* GigaTask.xcdatamodel */,
			);
			currentVersion = D99CB0452A2C3E6F00BC2CBE /* GigaTask.xcdatamodel */;
			path = GigaTask.xcdatamodeld;
			sourceTree = "<group>";
			versionGroupType = wrapper.xcdatamodel;
		};
/* End XCVersionGroup section */
	};
	rootObject = D99CB02E2A2C3E6D00BC2CBE /* Project object */;
}
